
Microsoft Visual Studio Solution File, Format Version 12.00
# Visual Studio Version 17
VisualStudioVersion = 17.5.2.0
MinimumVisualStudioVersion = 10.0.40219.1
Project("{9A19103F-16F7-4668-BE54-9A1E7A4F7556}") = "GuestManagementApi", ".\GuestManagementApi\GuestManagementApi.csproj", "{5DF17273-C3B5-417C-900D-287F66C44659}"
EndProject
Project("{FAE04EC0-301F-11D3-BF4B-00C04F79EFBC}") = "GuestManagementApi.Tests", ".\GuestManagementApi.Tests\GuestManagementApi.Tests.csproj", "{36F9B083-FBAE-41C9-9023-3B63178BAA41}"
EndProject
Global
	GlobalSection(SolutionConfigurationPlatforms) = preSolution
		Debug|Any CPU = Debug|Any CPU
		Release|Any CPU = Release|Any CPU
	EndGlobalSection
	GlobalSection(ProjectConfigurationPlatforms) = postSolution
		{5DF17273-C3B5-417C-900D-287F66C44659}.Debug|Any CPU.ActiveCfg = Debug|Any CPU
		{5DF17273-C3B5-417C-900D-287F66C44659}.Debug|Any CPU.Build.0 = Debug|Any CPU
		{5DF17273-C3B5-417C-900D-287F66C44659}.Release|Any CPU.ActiveCfg = Release|Any CPU
		{5DF17273-C3B5-417C-900D-287F66C44659}.Release|Any CPU.Build.0 = Release|Any CPU
		{36F9B083-FBAE-41C9-9023-3B63178BAA41}.Debug|Any CPU.ActiveCfg = Debug|Any CPU
		{36F9B083-FBAE-41C9-9023-3B63178BAA41}.Debug|Any CPU.Build.0 = Debug|Any CPU
		{36F9B083-FBAE-41C9-9023-3B63178BAA41}.Release|Any CPU.ActiveCfg = Release|Any CPU
		{36F9B083-FBAE-41C9-9023-3B63178BAA41}.Release|Any CPU.Build.0 = Release|Any CPU
	EndGlobalSection
	GlobalSection(SolutionProperties) = preSolution
		HideSolutionNode = FALSE
	EndGlobalSection
	GlobalSection(ExtensibilityGlobals) = postSolution
		SolutionGuid = {CCB788DB-62F1-45C1-B456-B0D2B4A9770D}
	EndGlobalSection
EndGlobal
